// !$*UTF8*$!
{
	archiveVersion = 1;
	classes = {
	};
	objectVersion = 50;
	objects = {

/* Begin PBXBuildFile section */
		18197D0922AB8CC800C1BF0E /* ITStudentScoreController.m in Sources */ = {isa = PBXBuildFile; fileRef = 18197D0822AB8CC800C1BF0E /* ITStudentScoreController.m */; };
		186ED20522ABA8B200D71654 /* Course+CoreDataClass.m in Sources */ = {isa = PBXBuildFile; fileRef = 186ED1F722ABA8B200D71654 /* Course+CoreDataClass.m */; };
		186ED20622ABA8B200D71654 /* Course+CoreDataProperties.m in Sources */ = {isa = PBXBuildFile; fileRef = 186ED1F822ABA8B200D71654 /* Course+CoreDataProperties.m */; };
		186ED20722ABA8B200D71654 /* Teacher+CoreDataClass.m in Sources */ = {isa = PBXBuildFile; fileRef = 186ED1FB22ABA8B200D71654 /* Teacher+CoreDataClass.m */; };
		186ED20822ABA8B200D71654 /* Teacher+CoreDataProperties.m in Sources */ = {isa = PBXBuildFile; fileRef = 186ED1FC22ABA8B200D71654 /* Teacher+CoreDataProperties.m */; };
		186ED20922ABA8B200D71654 /* Student+CoreDataClass.m in Sources */ = {isa = PBXBuildFile; fileRef = 186ED1FF22ABA8B200D71654 /* Student+CoreDataClass.m */; };
		186ED20A22ABA8B200D71654 /* Student+CoreDataProperties.m in Sources */ = {isa = PBXBuildFile; fileRef = 186ED20022ABA8B200D71654 /* Student+CoreDataProperties.m */; };
		186ED20B22ABA8B200D71654 /* SC+CoreDataClass.m in Sources */ = {isa = PBXBuildFile; fileRef = 186ED20322ABA8B200D71654 /* SC+CoreDataClass.m */; };
		186ED20C22ABA8B200D71654 /* SC+CoreDataProperties.m in Sources */ = {isa = PBXBuildFile; fileRef = 186ED20422ABA8B200D71654 /* SC+CoreDataProperties.m */; };
		18B5E42B229965B700CF4781 /* ITAdminController.m in Sources */ = {isa = PBXBuildFile; fileRef = 18B5E42A229965B700CF4781 /* ITAdminController.m */; };
		18B5E42E22996D9A00CF4781 /* Assets.xcassets in Resources */ = {isa = PBXBuildFile; fileRef = 18B5E42D22996D9A00CF4781 /* Assets.xcassets */; };
		18EC8FEB22AA85C700402A8C /* ITAdminStudentController.m in Sources */ = {isa = PBXBuildFile; fileRef = 18EC8FEA22AA85C700402A8C /* ITAdminStudentController.m */; };
		18EC8FEF22AA8A1B00402A8C /* ITAdminTeacherController.m in Sources */ = {isa = PBXBuildFile; fileRef = 18EC8FEE22AA8A1B00402A8C /* ITAdminTeacherController.m */; };
		18EC8FF222AA8C9B00402A8C /* ITManageController.m in Sources */ = {isa = PBXBuildFile; fileRef = 18EC8FF122AA8C9B00402A8C /* ITManageController.m */; };
		6353A2BF22A2717700691539 /* ITTeacherSettingController.m in Sources */ = {isa = PBXBuildFile; fileRef = 6353A2BE22A2717700691539 /* ITTeacherSettingController.m */; };
		6353A2C222A277A900691539 /* ITTeacherWelcomeController.m in Sources */ = {isa = PBXBuildFile; fileRef = 6353A2C122A277A900691539 /* ITTeacherWelcomeController.m */; };
		6395F018228FF13D007EA3EB /* AppDelegate.m in Sources */ = {isa = PBXBuildFile; fileRef = 6395F017228FF13D007EA3EB /* AppDelegate.m */; };
		6395F01E228FF13D007EA3EB /* Main.storyboard in Resources */ = {isa = PBXBuildFile; fileRef = 6395F01C228FF13D007EA3EB /* Main.storyboard */; };
		6395F023228FF13E007EA3EB /* LaunchScreen.storyboard in Resources */ = {isa = PBXBuildFile; fileRef = 6395F021228FF13E007EA3EB /* LaunchScreen.storyboard */; };
		6395F026228FF13E007EA3EB /* main.m in Sources */ = {isa = PBXBuildFile; fileRef = 6395F025228FF13E007EA3EB /* main.m */; };
		6395F033228FFBF8007EA3EB /* ITLoginController.m in Sources */ = {isa = PBXBuildFile; fileRef = 6395F032228FFBF8007EA3EB /* ITLoginController.m */; };
		6395F036228FFEE0007EA3EB /* ITRegisterController.m in Sources */ = {isa = PBXBuildFile; fileRef = 6395F035228FFEE0007EA3EB /* ITRegisterController.m */; };
		6395F039229001EC007EA3EB /* ITTeacherController.m in Sources */ = {isa = PBXBuildFile; fileRef = 6395F038229001EC007EA3EB /* ITTeacherController.m */; };
		6395F03C22900206007EA3EB /* ITStudentController.m in Sources */ = {isa = PBXBuildFile; fileRef = 6395F03B22900206007EA3EB /* ITStudentController.m */; };
		63CAC61922A9757200EC9A17 /* User.xcdatamodeld in Sources */ = {isa = PBXBuildFile; fileRef = 63CAC61722A9757200EC9A17 /* User.xcdatamodeld */; };
		63CAC61E22A9767000EC9A17 /* User+CoreDataClass.m in Sources */ = {isa = PBXBuildFile; fileRef = 63CAC61C22A9767000EC9A17 /* User+CoreDataClass.m */; };
		63CAC61F22A9767000EC9A17 /* User+CoreDataProperties.m in Sources */ = {isa = PBXBuildFile; fileRef = 63CAC61D22A9767000EC9A17 /* User+CoreDataProperties.m */; };
		63EE3D44229EE7A30061614E /* ITAdminLoginController.m in Sources */ = {isa = PBXBuildFile; fileRef = 63EE3D43229EE7A30061614E /* ITAdminLoginController.m */; };
/* End PBXBuildFile section */

/* Begin PBXFileReference section */
		18197D0722AB8CC800C1BF0E /* ITStudentScoreController.h */ = {isa = PBXFileReference; lastKnownFileType = sourcecode.c.h; path = ITStudentScoreController.h; sourceTree = "<group>"; };
		18197D0822AB8CC800C1BF0E /* ITStudentScoreController.m */ = {isa = PBXFileReference; lastKnownFileType = sourcecode.c.objc; path = ITStudentScoreController.m; sourceTree = "<group>"; };
		186ED1F522ABA8B200D71654 /* Course+CoreDataProperties.h */ = {isa = PBXFileReference; lastKnownFileType = sourcecode.c.h; path = "Course+CoreDataProperties.h"; sourceTree = "<group>"; };
		186ED1F622ABA8B200D71654 /* Course+CoreDataClass.h */ = {isa = PBXFileReference; lastKnownFileType = sourcecode.c.h; path = "Course+CoreDataClass.h"; sourceTree = "<group>"; };
		186ED1F722ABA8B200D71654 /* Course+CoreDataClass.m */ = {isa = PBXFileReference; lastKnownFileType = sourcecode.c.objc; path = "Course+CoreDataClass.m"; sourceTree = "<group>"; };
		186ED1F822ABA8B200D71654 /* Course+CoreDataProperties.m */ = {isa = PBXFileReference; lastKnownFileType = sourcecode.c.objc; path = "Course+CoreDataProperties.m"; sourceTree = "<group>"; };
		186ED1F922ABA8B200D71654 /* Teacher+CoreDataProperties.h */ = {isa = PBXFileReference; lastKnownFileType = sourcecode.c.h; path = "Teacher+CoreDataProperties.h"; sourceTree = "<group>"; };
		186ED1FA22ABA8B200D71654 /* Teacher+CoreDataClass.h */ = {isa = PBXFileReference; lastKnownFileType = sourcecode.c.h; path = "Teacher+CoreDataClass.h"; sourceTree = "<group>"; };
		186ED1FB22ABA8B200D71654 /* Teacher+CoreDataClass.m */ = {isa = PBXFileReference; lastKnownFileType = sourcecode.c.objc; path = "Teacher+CoreDataClass.m"; sourceTree = "<group>"; };
		186ED1FC22ABA8B200D71654 /* Teacher+CoreDataProperties.m */ = {isa = PBXFileReference; lastKnownFileType = sourcecode.c.objc; path = "Teacher+CoreDataProperties.m"; sourceTree = "<group>"; };
		186ED1FD22ABA8B200D71654 /* Student+CoreDataProperties.h */ = {isa = PBXFileReference; lastKnownFileType = sourcecode.c.h; path = "Student+CoreDataProperties.h"; sourceTree = "<group>"; };
		186ED1FE22ABA8B200D71654 /* Student+CoreDataClass.h */ = {isa = PBXFileReference; lastKnownFileType = sourcecode.c.h; path = "Student+CoreDataClass.h"; sourceTree = "<group>"; };
		186ED1FF22ABA8B200D71654 /* Student+CoreDataClass.m */ = {isa = PBXFileReference; lastKnownFileType = sourcecode.c.objc; path = "Student+CoreDataClass.m"; sourceTree = "<group>"; };
		186ED20022ABA8B200D71654 /* Student+CoreDataProperties.m */ = {isa = PBXFileReference; lastKnownFileType = sourcecode.c.objc; path = "Student+CoreDataProperties.m"; sourceTree = "<group>"; };
		186ED20122ABA8B200D71654 /* SC+CoreDataProperties.h */ = {isa = PBXFileReference; lastKnownFileType = sourcecode.c.h; path = "SC+CoreDataProperties.h"; sourceTree = "<group>"; };
		186ED20222ABA8B200D71654 /* SC+CoreDataClass.h */ = {isa = PBXFileReference; lastKnownFileType = sourcecode.c.h; path = "SC+CoreDataClass.h"; sourceTree = "<group>"; };
		186ED20322ABA8B200D71654 /* SC+CoreDataClass.m */ = {isa = PBXFileReference; lastKnownFileType = sourcecode.c.objc; path = "SC+CoreDataClass.m"; sourceTree = "<group>"; };
		186ED20422ABA8B200D71654 /* SC+CoreDataProperties.m */ = {isa = PBXFileReference; lastKnownFileType = sourcecode.c.objc; path = "SC+CoreDataProperties.m"; sourceTree = "<group>"; };
		18B5E429229965B700CF4781 /* ITAdminController.h */ = {isa = PBXFileReference; lastKnownFileType = sourcecode.c.h; path = ITAdminController.h; sourceTree = "<group>"; };
		18B5E42A229965B700CF4781 /* ITAdminController.m */ = {isa = PBXFileReference; lastKnownFileType = sourcecode.c.objc; path = ITAdminController.m; sourceTree = "<group>"; };
		18B5E42D22996D9A00CF4781 /* Assets.xcassets */ = {isa = PBXFileReference; lastKnownFileType = folder.assetcatalog; path = Assets.xcassets; sourceTree = "<group>"; };
		18EC8FE922AA85C700402A8C /* ITAdminStudentController.h */ = {isa = PBXFileReference; lastKnownFileType = sourcecode.c.h; path = ITAdminStudentController.h; sourceTree = "<group>"; };
		18EC8FEA22AA85C700402A8C /* ITAdminStudentController.m */ = {isa = PBXFileReference; lastKnownFileType = sourcecode.c.objc; path = ITAdminStudentController.m; sourceTree = "<group>"; };
		18EC8FED22AA8A1B00402A8C /* ITAdminTeacherController.h */ = {isa = PBXFileReference; lastKnownFileType = sourcecode.c.h; path = ITAdminTeacherController.h; sourceTree = "<group>"; };
		18EC8FEE22AA8A1B00402A8C /* ITAdminTeacherController.m */ = {isa = PBXFileReference; lastKnownFileType = sourcecode.c.objc; path = ITAdminTeacherController.m; sourceTree = "<group>"; };
		18EC8FF022AA8C9B00402A8C /* ITManageController.h */ = {isa = PBXFileReference; lastKnownFileType = sourcecode.c.h; path = ITManageController.h; sourceTree = "<group>"; };
		18EC8FF122AA8C9B00402A8C /* ITManageController.m */ = {isa = PBXFileReference; lastKnownFileType = sourcecode.c.objc; path = ITManageController.m; sourceTree = "<group>"; };
		6353A2BD22A2717700691539 /* ITTeacherSettingController.h */ = {isa = PBXFileReference; lastKnownFileType = sourcecode.c.h; path = ITTeacherSettingController.h; sourceTree = "<group>"; };
		6353A2BE22A2717700691539 /* ITTeacherSettingController.m */ = {isa = PBXFileReference; lastKnownFileType = sourcecode.c.objc; path = ITTeacherSettingController.m; sourceTree = "<group>"; };
		6353A2C022A277A900691539 /* ITTeacherWelcomeController.h */ = {isa = PBXFileReference; lastKnownFileType = sourcecode.c.h; path = ITTeacherWelcomeController.h; sourceTree = "<group>"; };
		6353A2C122A277A900691539 /* ITTeacherWelcomeController.m */ = {isa = PBXFileReference; lastKnownFileType = sourcecode.c.objc; path = ITTeacherWelcomeController.m; sourceTree = "<group>"; };
		6395F013228FF13D007EA3EB /* 数据库作业.app */ = {isa = PBXFileReference; explicitFileType = wrapper.application; includeInIndex = 0; path = "数据库作业.app"; sourceTree = BUILT_PRODUCTS_DIR; };
		6395F016228FF13D007EA3EB /* AppDelegate.h */ = {isa = PBXFileReference; lastKnownFileType = sourcecode.c.h; path = AppDelegate.h; sourceTree = "<group>"; };
		6395F017228FF13D007EA3EB /* AppDelegate.m */ = {isa = PBXFileReference; lastKnownFileType = sourcecode.c.objc; path = AppDelegate.m; sourceTree = "<group>"; };
		6395F01D228FF13D007EA3EB /* Base */ = {isa = PBXFileReference; lastKnownFileType = file.storyboard; name = Base; path = Base.lproj/Main.storyboard; sourceTree = "<group>"; };
		6395F022228FF13E007EA3EB /* Base */ = {isa = PBXFileReference; lastKnownFileType = file.storyboard; name = Base; path = Base.lproj/LaunchScreen.storyboard; sourceTree = "<group>"; };
		6395F024228FF13E007EA3EB /* Info.plist */ = {isa = PBXFileReference; lastKnownFileType = text.plist.xml; path = Info.plist; sourceTree = "<group>"; };
		6395F025228FF13E007EA3EB /* main.m */ = {isa = PBXFileReference; lastKnownFileType = sourcecode.c.objc; path = main.m; sourceTree = "<group>"; };
		6395F031228FFBF8007EA3EB /* ITLoginController.h */ = {isa = PBXFileReference; lastKnownFileType = sourcecode.c.h; path = ITLoginController.h; sourceTree = "<group>"; };
		6395F032228FFBF8007EA3EB /* ITLoginController.m */ = {isa = PBXFileReference; lastKnownFileType = sourcecode.c.objc; path = ITLoginController.m; sourceTree = "<group>"; };
		6395F034228FFEE0007EA3EB /* ITRegisterController.h */ = {isa = PBXFileReference; lastKnownFileType = sourcecode.c.h; path = ITRegisterController.h; sourceTree = "<group>"; };
		6395F035228FFEE0007EA3EB /* ITRegisterController.m */ = {isa = PBXFileReference; lastKnownFileType = sourcecode.c.objc; path = ITRegisterController.m; sourceTree = "<group>"; };
		6395F037229001EC007EA3EB /* ITTeacherController.h */ = {isa = PBXFileReference; lastKnownFileType = sourcecode.c.h; path = ITTeacherController.h; sourceTree = "<group>"; };
		6395F038229001EC007EA3EB /* ITTeacherController.m */ = {isa = PBXFileReference; lastKnownFileType = sourcecode.c.objc; path = ITTeacherController.m; sourceTree = "<group>"; };
		6395F03A22900206007EA3EB /* ITStudentController.h */ = {isa = PBXFileReference; lastKnownFileType = sourcecode.c.h; path = ITStudentController.h; sourceTree = "<group>"; };
		6395F03B22900206007EA3EB /* ITStudentController.m */ = {isa = PBXFileReference; lastKnownFileType = sourcecode.c.objc; path = ITStudentController.m; sourceTree = "<group>"; };
		63CAC61822A9757200EC9A17 /* User.xcdatamodel */ = {isa = PBXFileReference; lastKnownFileType = wrapper.xcdatamodel; path = User.xcdatamodel; sourceTree = "<group>"; };
		63CAC61A22A9767000EC9A17 /* User+CoreDataProperties.h */ = {isa = PBXFileReference; lastKnownFileType = sourcecode.c.h; path = "User+CoreDataProperties.h"; sourceTree = "<group>"; };
		63CAC61B22A9767000EC9A17 /* User+CoreDataClass.h */ = {isa = PBXFileReference; lastKnownFileType = sourcecode.c.h; path = "User+CoreDataClass.h"; sourceTree = "<group>"; };
		63CAC61C22A9767000EC9A17 /* User+CoreDataClass.m */ = {isa = PBXFileReference; lastKnownFileType = sourcecode.c.objc; path = "User+CoreDataClass.m"; sourceTree = "<group>"; };
		63CAC61D22A9767000EC9A17 /* User+CoreDataProperties.m */ = {isa = PBXFileReference; lastKnownFileType = sourcecode.c.objc; path = "User+CoreDataProperties.m"; sourceTree = "<group>"; };
		63EE3D42229EE7A30061614E /* ITAdminLoginController.h */ = {isa = PBXFileReference; lastKnownFileType = sourcecode.c.h; path = ITAdminLoginController.h; sourceTree = "<group>"; };
		63EE3D43229EE7A30061614E /* ITAdminLoginController.m */ = {isa = PBXFileReference; lastKnownFileType = sourcecode.c.objc; path = ITAdminLoginController.m; sourceTree = "<group>"; };
/* End PBXFileReference section */

/* Begin PBXFrameworksBuildPhase section */
		6395F010228FF13D007EA3EB /* Frameworks */ = {
			isa = PBXFrameworksBuildPhase;
			buildActionMask = 2147483647;
			files = (
			);
			runOnlyForDeploymentPostprocessing = 0;
		};
/* End PBXFrameworksBuildPhase section */

/* Begin PBXGroup section */
		18EC8FE522AA81A400402A8C /* Student */ = {
			isa = PBXGroup;
			children = (
				6395F03A22900206007EA3EB /* ITStudentController.h */,
				6395F03B22900206007EA3EB /* ITStudentController.m */,
				18EC8FE922AA85C700402A8C /* ITAdminStudentController.h */,
				18EC8FEA22AA85C700402A8C /* ITAdminStudentController.m */,
				18197D0722AB8CC800C1BF0E /* ITStudentScoreController.h */,
				18197D0822AB8CC800C1BF0E /* ITStudentScoreController.m */,
			);
			name = Student;
			sourceTree = "<group>";
		};
		18EC8FE622AA81A900402A8C /* Teacher */ = {
			isa = PBXGroup;
			children = (
				6395F037229001EC007EA3EB /* ITTeacherController.h */,
				6395F038229001EC007EA3EB /* ITTeacherController.m */,
				6353A2BD22A2717700691539 /* ITTeacherSettingController.h */,
				6353A2BE22A2717700691539 /* ITTeacherSettingController.m */,
				6353A2C022A277A900691539 /* ITTeacherWelcomeController.h */,
				6353A2C122A277A900691539 /* ITTeacherWelcomeController.m */,
				18EC8FED22AA8A1B00402A8C /* ITAdminTeacherController.h */,
				18EC8FEE22AA8A1B00402A8C /* ITAdminTeacherController.m */,
			);
			name = Teacher;
			sourceTree = "<group>";
		};
		18EC8FE722AA81AE00402A8C /* Admin */ = {
			isa = PBXGroup;
			children = (
				18B5E429229965B700CF4781 /* ITAdminController.h */,
				18B5E42A229965B700CF4781 /* ITAdminController.m */,
				18EC8FF022AA8C9B00402A8C /* ITManageController.h */,
				18EC8FF122AA8C9B00402A8C /* ITManageController.m */,
			);
			name = Admin;
			sourceTree = "<group>";
		};
		18EC8FE822AA81CE00402A8C /* Other */ = {
			isa = PBXGroup;
			children = (
				63EE3D42229EE7A30061614E /* ITAdminLoginController.h */,
				63EE3D43229EE7A30061614E /* ITAdminLoginController.m */,
				6395F031228FFBF8007EA3EB /* ITLoginController.h */,
				6395F032228FFBF8007EA3EB /* ITLoginController.m */,
				6395F034228FFEE0007EA3EB /* ITRegisterController.h */,
				6395F035228FFEE0007EA3EB /* ITRegisterController.m */,
			);
			name = Other;
			sourceTree = "<group>";
		};
		58B83143547B86332994BBFD /* Databases */ = {
			isa = PBXGroup;
			children = (
				63CAC61722A9757200EC9A17 /* User.xcdatamodeld */,
			);
			name = Databases;
			sourceTree = "<group>";
		};
		6395F00A228FF13D007EA3EB = {
			isa = PBXGroup;
			children = (
				6395F015228FF13D007EA3EB /* 数据库作业 */,
				6395F014228FF13D007EA3EB /* Products */,
			);
			sourceTree = "<group>";
		};
		6395F014228FF13D007EA3EB /* Products */ = {
			isa = PBXGroup;
			children = (
				6395F013228FF13D007EA3EB /* 数据库作业.app */,
			);
			name = Products;
			sourceTree = "<group>";
		};
		6395F015228FF13D007EA3EB /* 数据库作业 */ = {
			isa = PBXGroup;
			children = (
				6395F030228FF9DF007EA3EB /* Supporting Files */,
				6395F02F228FF9DC007EA3EB /* Other */,
				6395F02E228FF731007EA3EB /* Model */,
				6395F02D228FF72A007EA3EB /* View */,
				6395F02C228FF720007EA3EB /* Controller */,
				58B83143547B86332994BBFD /* Databases */,
			);
			path = "数据库作业";
			sourceTree = "<group>";
		};
		6395F02C228FF720007EA3EB /* Controller */ = {
			isa = PBXGroup;
			children = (
				18EC8FE822AA81CE00402A8C /* Other */,
				18EC8FE722AA81AE00402A8C /* Admin */,
				18EC8FE622AA81A900402A8C /* Teacher */,
				18EC8FE522AA81A400402A8C /* Student */,
			);
			name = Controller;
			sourceTree = "<group>";
		};
		6395F02D228FF72A007EA3EB /* View */ = {
			isa = PBXGroup;
			children = (
				6395F01C228FF13D007EA3EB /* Main.storyboard */,
				6395F021228FF13E007EA3EB /* LaunchScreen.storyboard */,
			);
			name = View;
			sourceTree = "<group>";
		};
		6395F02E228FF731007EA3EB /* Model */ = {
			isa = PBXGroup;
			children = (
				186ED1F522ABA8B200D71654 /* Course+CoreDataProperties.h */,
				186ED1F822ABA8B200D71654 /* Course+CoreDataProperties.m */,
				186ED1F622ABA8B200D71654 /* Course+CoreDataClass.h */,
				186ED1F722ABA8B200D71654 /* Course+CoreDataClass.m */,
				186ED1F922ABA8B200D71654 /* Teacher+CoreDataProperties.h */,
				186ED1FC22ABA8B200D71654 /* Teacher+CoreDataProperties.m */,
				186ED1FA22ABA8B200D71654 /* Teacher+CoreDataClass.h */,
				186ED1FB22ABA8B200D71654 /* Teacher+CoreDataClass.m */,
				186ED1FD22ABA8B200D71654 /* Student+CoreDataProperties.h */,
				186ED20022ABA8B200D71654 /* Student+CoreDataProperties.m */,
				186ED1FE22ABA8B200D71654 /* Student+CoreDataClass.h */,
				186ED1FF22ABA8B200D71654 /* Student+CoreDataClass.m */,
				186ED20122ABA8B200D71654 /* SC+CoreDataProperties.h */,
				186ED20422ABA8B200D71654 /* SC+CoreDataProperties.m */,
				186ED20222ABA8B200D71654 /* SC+CoreDataClass.h */,
				186ED20322ABA8B200D71654 /* SC+CoreDataClass.m */,
				63CAC61A22A9767000EC9A17 /* User+CoreDataProperties.h */,
				63CAC61D22A9767000EC9A17 /* User+CoreDataProperties.m */,
				63CAC61B22A9767000EC9A17 /* User+CoreDataClass.h */,
				63CAC61C22A9767000EC9A17 /* User+CoreDataClass.m */,
			);
			name = Model;
			sourceTree = "<group>";
		};
		6395F02F228FF9DC007EA3EB /* Other */ = {
			isa = PBXGroup;
			children = (
				6395F016228FF13D007EA3EB /* AppDelegate.h */,
				6395F017228FF13D007EA3EB /* AppDelegate.m */,
			);
			name = Other;
			sourceTree = "<group>";
		};
		6395F030228FF9DF007EA3EB /* Supporting Files */ = {
			isa = PBXGroup;
			children = (
				18B5E42D22996D9A00CF4781 /* Assets.xcassets */,
				6395F024228FF13E007EA3EB /* Info.plist */,
				6395F025228FF13E007EA3EB /* main.m */,
			);
			name = "Supporting Files";
			sourceTree = "<group>";
		};
/* End PBXGroup section */

/* Begin PBXNativeTarget section */
		6395F012228FF13D007EA3EB /* 数据库作业 */ = {
			isa = PBXNativeTarget;
			buildConfigurationList = 6395F029228FF13E007EA3EB /* Build configuration list for PBXNativeTarget "数据库作业" */;
			buildPhases = (
				6395F00F228FF13D007EA3EB /* Sources */,
				6395F010228FF13D007EA3EB /* Frameworks */,
				6395F011228FF13D007EA3EB /* Resources */,
			);
			buildRules = (
			);
			dependencies = (
			);
			name = "数据库作业";
			productName = "数据库作业";
			productReference = 6395F013228FF13D007EA3EB /* 数据库作业.app */;
			productType = "com.apple.product-type.application";
		};
/* End PBXNativeTarget section */

/* Begin PBXProject section */
		6395F00B228FF13D007EA3EB /* Project object */ = {
			isa = PBXProject;
			attributes = {
				CLASSPREFIX = IT;
				LastUpgradeCheck = 1020;
				ORGANIZATIONNAME = ITCenter;
				TargetAttributes = {
					6395F012228FF13D007EA3EB = {
						CreatedOnToolsVersion = 10.2.1;
						LastSwiftMigration = 1020;
					};
				};
			};
			buildConfigurationList = 6395F00E228FF13D007EA3EB /* Build configuration list for PBXProject "数据库作业" */;
			compatibilityVersion = "Xcode 9.3";
			developmentRegion = en;
			hasScannedForEncodings = 0;
			knownRegions = (
				en,
				Base,
			);
			mainGroup = 6395F00A228FF13D007EA3EB;
			productRefGroup = 6395F014228FF13D007EA3EB /* Products */;
			projectDirPath = "";
			projectRoot = "";
			targets = (
				6395F012228FF13D007EA3EB /* 数据库作业 */,
			);
		};
/* End PBXProject section */

/* Begin PBXResourcesBuildPhase section */
		6395F011228FF13D007EA3EB /* Resources */ = {
			isa = PBXResourcesBuildPhase;
			buildActionMask = 2147483647;
			files = (
				6395F023228FF13E007EA3EB /* LaunchScreen.storyboard in Resources */,
				18B5E42E22996D9A00CF4781 /* Assets.xcassets in Resources */,
				6395F01E228FF13D007EA3EB /* Main.storyboard in Resources */,
			);
			runOnlyForDeploymentPostprocessing = 0;
		};
/* End PBXResourcesBuildPhase section */

/* Begin PBXSourcesBuildPhase section */
		6395F00F228FF13D007EA3EB /* Sources */ = {
			isa = PBXSourcesBuildPhase;
			buildActionMask = 2147483647;
			files = (
				186ED20C22ABA8B200D71654 /* SC+CoreDataProperties.m in Sources */,
				6395F026228FF13E007EA3EB /* main.m in Sources */,
				6395F018228FF13D007EA3EB /* AppDelegate.m in Sources */,
				18EC8FEB22AA85C700402A8C /* ITAdminStudentController.m in Sources */,
				6395F039229001EC007EA3EB /* ITTeacherController.m in Sources */,
				6395F033228FFBF8007EA3EB /* ITLoginController.m in Sources */,
				6395F03C22900206007EA3EB /* ITStudentController.m in Sources */,
				186ED20522ABA8B200D71654 /* Course+CoreDataClass.m in Sources */,
				63CAC61F22A9767000EC9A17 /* User+CoreDataProperties.m in Sources */,
				6395F036228FFEE0007EA3EB /* ITRegisterController.m in Sources */,
				18EC8FEF22AA8A1B00402A8C /* ITAdminTeacherController.m in Sources */,
				186ED20622ABA8B200D71654 /* Course+CoreDataProperties.m in Sources */,
				18EC8FF222AA8C9B00402A8C /* ITManageController.m in Sources */,
				186ED20A22ABA8B200D71654 /* Student+CoreDataProperties.m in Sources */,
				63CAC61E22A9767000EC9A17 /* User+CoreDataClass.m in Sources */,
				63EE3D44229EE7A30061614E /* ITAdminLoginController.m in Sources */,
				186ED20B22ABA8B200D71654 /* SC+CoreDataClass.m in Sources */,
				186ED20722ABA8B200D71654 /* Teacher+CoreDataClass.m in Sources */,
				186ED20922ABA8B200D71654 /* Student+CoreDataClass.m in Sources */,
				63CAC61922A9757200EC9A17 /* User.xcdatamodeld in Sources */,
				18197D0922AB8CC800C1BF0E /* ITStudentScoreController.m in Sources */,
				18B5E42B229965B700CF4781 /* ITAdminController.m in Sources */,
				6353A2C222A277A900691539 /* ITTeacherWelcomeController.m in Sources */,
				6353A2BF22A2717700691539 /* ITTeacherSettingController.m in Sources */,
				186ED20822ABA8B200D71654 /* Teacher+CoreDataProperties.m in Sources */,
			);
			runOnlyForDeploymentPostprocessing = 0;
		};
/* End PBXSourcesBuildPhase section */

/* Begin PBXVariantGroup section */
		6395F01C228FF13D007EA3EB /* Main.storyboard */ = {
			isa = PBXVariantGroup;
			children = (
				6395F01D228FF13D007EA3EB /* Base */,
			);
			name = Main.storyboard;
			sourceTree = "<group>";
		};
		6395F021228FF13E007EA3EB /* LaunchScreen.storyboard */ = {
			isa = PBXVariantGroup;
			children = (
				6395F022228FF13E007EA3EB /* Base */,
			);
			name = LaunchScreen.storyboard;
			sourceTree = "<group>";
		};
/* End PBXVariantGroup section */

/* Begin XCBuildConfiguration section */
		6395F027228FF13E007EA3EB /* Debug */ = {
			isa = XCBuildConfiguration;
			buildSettings = {
				ALWAYS_SEARCH_USER_PATHS = NO;
				CLANG_ANALYZER_NONNULL = YES;
				CLANG_ANALYZER_NUMBER_OBJECT_CONVERSION = YES_AGGRESSIVE;
				CLANG_CXX_LANGUAGE_STANDARD = "gnu++14";
				CLANG_CXX_LIBRARY = "libc++";
				CLANG_ENABLE_MODULES = YES;
				CLANG_ENABLE_OBJC_ARC = YES;
				CLANG_ENABLE_OBJC_WEAK = YES;
				CLANG_WARN_BLOCK_CAPTURE_AUTORELEASING = YES;
				CLANG_WARN_BOOL_CONVERSION = YES;
				CLANG_WARN_COMMA = YES;
				CLANG_WARN_CONSTANT_CONVERSION = YES;
				CLANG_WARN_DEPRECATED_OBJC_IMPLEMENTATIONS = YES;
				CLANG_WARN_DIRECT_OBJC_ISA_USAGE = YES_ERROR;
				CLANG_WARN_DOCUMENTATION_COMMENTS = YES;
				CLANG_WARN_EMPTY_BODY = YES;
				CLANG_WARN_ENUM_CONVERSION = YES;
				CLANG_WARN_INFINITE_RECURSION = YES;
				CLANG_WARN_INT_CONVERSION = YES;
				CLANG_WARN_NON_LITERAL_NULL_CONVERSION = YES;
				CLANG_WARN_OBJC_IMPLICIT_RETAIN_SELF = YES;
				CLANG_WARN_OBJC_LITERAL_CONVERSION = YES;
				CLANG_WARN_OBJC_ROOT_CLASS = YES_ERROR;
				CLANG_WARN_RANGE_LOOP_ANALYSIS = YES;
				CLANG_WARN_STRICT_PROTOTYPES = YES;
				CLANG_WARN_SUSPICIOUS_MOVE = YES;
				CLANG_WARN_UNGUARDED_AVAILABILITY = YES_AGGRESSIVE;
				CLANG_WARN_UNREACHABLE_CODE = YES;
				CLANG_WARN__DUPLICATE_METHOD_MATCH = YES;
				CODE_SIGN_IDENTITY = "iPhone Developer";
				COPY_PHASE_STRIP = NO;
				DEBUG_INFORMATION_FORMAT = dwarf;
				ENABLE_STRICT_OBJC_MSGSEND = YES;
				ENABLE_TESTABILITY = YES;
				GCC_C_LANGUAGE_STANDARD = gnu11;
				GCC_DYNAMIC_NO_PIC = NO;
				GCC_NO_COMMON_BLOCKS = YES;
				GCC_OPTIMIZATION_LEVEL = 0;
				GCC_PREPROCESSOR_DEFINITIONS = (
					"DEBUG=1",
					"$(inherited)",
				);
				GCC_WARN_64_TO_32_BIT_CONVERSION = YES;
				GCC_WARN_ABOUT_RETURN_TYPE = YES_ERROR;
				GCC_WARN_UNDECLARED_SELECTOR = YES;
				GCC_WARN_UNINITIALIZED_AUTOS = YES_AGGRESSIVE;
				GCC_WARN_UNUSED_FUNCTION = YES;
				GCC_WARN_UNUSED_VARIABLE = YES;
				IPHONEOS_DEPLOYMENT_TARGET = 12.2;
				MTL_ENABLE_DEBUG_INFO = INCLUDE_SOURCE;
				MTL_FAST_MATH = YES;
				ONLY_ACTIVE_ARCH = YES;
				SDKROOT = iphoneos;
				STRIP_SWIFT_SYMBOLS = NO;
			};
			name = Debug;
		};
		6395F028228FF13E007EA3EB /* Release */ = {
			isa = XCBuildConfiguration;
			buildSettings = {
				ALWAYS_SEARCH_USER_PATHS = NO;
				CLANG_ANALYZER_NONNULL = YES;
				CLANG_ANALYZER_NUMBER_OBJECT_CONVERSION = YES_AGGRESSIVE;
				CLANG_CXX_LANGUAGE_STANDARD = "gnu++14";
				CLANG_CXX_LIBRARY = "libc++";
				CLANG_ENABLE_MODULES = YES;
				CLANG_ENABLE_OBJC_ARC = YES;
				CLANG_ENABLE_OBJC_WEAK = YES;
				CLANG_WARN_BLOCK_CAPTURE_AUTORELEASING = YES;
				CLANG_WARN_BOOL_CONVERSION = YES;
				CLANG_WARN_COMMA = YES;
				CLANG_WARN_CONSTANT_CONVERSION = YES;
				CLANG_WARN_DEPRECATED_OBJC_IMPLEMENTATIONS = YES;
				CLANG_WARN_DIRECT_OBJC_ISA_USAGE = YES_ERROR;
				CLANG_WARN_DOCUMENTATION_COMMENTS = YES;
				CLANG_WARN_EMPTY_BODY = YES;
				CLANG_WARN_ENUM_CONVERSION = YES;
				CLANG_WARN_INFINITE_RECURSION = YES;
				CLANG_WARN_INT_CONVERSION = YES;
				CLANG_WARN_NON_LITERAL_NULL_CONVERSION = YES;
				CLANG_WARN_OBJC_IMPLICIT_RETAIN_SELF = YES;
				CLANG_WARN_OBJC_LITERAL_CONVERSION = YES;
				CLANG_WARN_OBJC_ROOT_CLASS = YES_ERROR;
				CLANG_WARN_RANGE_LOOP_ANALYSIS = YES;
				CLANG_WARN_STRICT_PROTOTYPES = YES;
				CLANG_WARN_SUSPICIOUS_MOVE = YES;
				CLANG_WARN_UNGUARDED_AVAILABILITY = YES_AGGRESSIVE;
				CLANG_WARN_UNREACHABLE_CODE = YES;
				CLANG_WARN__DUPLICATE_METHOD_MATCH = YES;
				CODE_SIGN_IDENTITY = "iPhone Developer";
				COPY_PHASE_STRIP = NO;
				DEBUG_INFORMATION_FORMAT = "dwarf-with-dsym";
				ENABLE_NS_ASSERTIONS = NO;
				ENABLE_STRICT_OBJC_MSGSEND = YES;
				GCC_C_LANGUAGE_STANDARD = gnu11;
				GCC_NO_COMMON_BLOCKS = YES;
				GCC_WARN_64_TO_32_BIT_CONVERSION = YES;
				GCC_WARN_ABOUT_RETURN_TYPE = YES_ERROR;
				GCC_WARN_UNDECLARED_SELECTOR = YES;
				GCC_WARN_UNINITIALIZED_AUTOS = YES_AGGRESSIVE;
				GCC_WARN_UNUSED_FUNCTION = YES;
				GCC_WARN_UNUSED_VARIABLE = YES;
				IPHONEOS_DEPLOYMENT_TARGET = 12.2;
				MTL_ENABLE_DEBUG_INFO = NO;
				MTL_FAST_MATH = YES;
				SDKROOT = iphoneos;
				STRIP_SWIFT_SYMBOLS = NO;
				VALIDATE_PRODUCT = YES;
			};
			name = Release;
		};
		6395F02A228FF13E007EA3EB /* Debug */ = {
			isa = XCBuildConfiguration;
			buildSettings = {
				ASSETCATALOG_COMPILER_APPICON_NAME = AppIcon;
				CLANG_ENABLE_MODULES = YES;
				CODE_SIGN_STYLE = Automatic;
				DEVELOPMENT_TEAM = V9C6R6LR63;
				INFOPLIST_FILE = "数据库作业/Info.plist";
				LD_RUNPATH_SEARCH_PATHS = (
					"$(inherited)",
					"@executable_path/Frameworks",
				);
				PRODUCT_BUNDLE_IDENTIFIER = "Anonymous.-----";
				PRODUCT_NAME = "$(TARGET_NAME)";
				TARGETED_DEVICE_FAMILY = 2;
			};
			name = Debug;
		};
		6395F02B228FF13E007EA3EB /* Release */ = {
			isa = XCBuildConfiguration;
			buildSettings = {
				ASSETCATALOG_COMPILER_APPICON_NAME = AppIcon;
				CLANG_ENABLE_MODULES = YES;
				CODE_SIGN_STYLE = Automatic;
				DEVELOPMENT_TEAM = V9C6R6LR63;
				INFOPLIST_FILE = "数据库作业/Info.plist";
				LD_RUNPATH_SEARCH_PATHS = (
					"$(inherited)",
					"@executable_path/Frameworks",
				);
				PRODUCT_BUNDLE_IDENTIFIER = "Anonymous.-----";
				PRODUCT_NAME = "$(TARGET_NAME)";
				TARGETED_DEVICE_FAMILY = 2;
			};
			name = Release;
		};
/* End XCBuildConfiguration section */

/* Begin XCConfigurationList section */
		6395F00E228FF13D007EA3EB /* Build configuration list for PBXProject "数据库作业" */ = {
			isa = XCConfigurationList;
			buildConfigurations = (
				6395F027228FF13E007EA3EB /* Debug */,
				6395F028228FF13E007EA3EB /* Release */,
			);
			defaultConfigurationIsVisible = 0;
			defaultConfigurationName = Release;
		};
		6395F029228FF13E007EA3EB /* Build configuration list for PBXNativeTarget "数据库作业" */ = {
			isa = XCConfigurationList;
			buildConfigurations = (
				6395F02A228FF13E007EA3EB /* Debug */,
				6395F02B228FF13E007EA3EB /* Release */,
			);
			defaultConfigurationIsVisible = 0;
			defaultConfigurationName = Release;
		};
/* End XCConfigurationList section */

/* Begin XCVersionGroup section */
		63CAC61722A9757200EC9A17 /* User.xcdatamodeld */ = {
			isa = XCVersionGroup;
			children = (
				63CAC61822A9757200EC9A17 /* User.xcdatamodel */,
			);
			currentVersion = 63CAC61822A9757200EC9A17 /* User.xcdatamodel */;
			path = User.xcdatamodeld;
			sourceTree = "<group>";
			versionGroupType = wrapper.xcdatamodel;
		};
/* End XCVersionGroup section */
	};
	rootObject = 6395F00B228FF13D007EA3EB /* Project object */;
}
